Microsoft Visual Studio Solution File, Format Version 12.00
# Visual Studio Version 17
VisualStudioVersion = 17.5.2.0
MinimumVisualStudioVersion = 10.0.40219.1
Project("{FAE04EC0-301F-11D3-BF4B-00C04F79EFBC}") = "FormValidateLocalContest", "FormValidateLocalContest\FormValidateLocalContest.csproj", "{F634855F-4E23-4BB4-7A80-61F67E737030}"
EndProject
Global
	GlobalSection(SolutionConfigurationPlatforms) = preSolution
		Debug|Any CPU = Debug|Any CPU
		Release|Any CPU = Release|Any CPU
	EndGlobalSection
	GlobalSection(ProjectConfigurationPlatforms) = postSolution
		{F634855F-4E23-4BB4-7A80-61F67E737030}.Debug|Any CPU.ActiveCfg = Debug|Any CPU
		{F634855F-4E23-4BB4-7A80-61F67E737030}.Debug|Any CPU.Build.0 = Debug|Any CPU
		{F634855F-4E23-4BB4-7A80-61F67E737030}.Release|Any CPU.ActiveCfg = Release|Any CPU
		{F634855F-4E23-4BB4-7A80-61F67E737030}.Release|Any CPU.Build.0 = Release|Any CPU
	EndGlobalSection
	GlobalSection(SolutionProperties) = preSolution
		HideSolutionNode = FALSE
	EndGlobalSection
	GlobalSection(ExtensibilityGlobals) = postSolution
		SolutionGuid = {5185CF49-4C7D-4653-85D0-0517BCED8A43}
	EndGlobalSection
EndGlobal
